<Solution>
  <Folder Name="/Solution Items/">
    <File Path=".editorconfig" />
    <File Path="Docs/BlastEcs layout.png" />
    <File Path="Docs/Overview.md" />
  </Folder>
  <Project Path="BlastEcs.Benchmarks/BlastEcs.Benchmarks.csproj" />
  <Project Path="BlastEcs.Example/BlastEcs.Example.csproj" />
  <Project Path="BlastEcs.SourceGen/BlastEcs.SourceGen.csproj" />
  <Project Path="BlastEcs.Tests/BlastEcs.Tests.csproj" />
  <Project Path="BlastEcs/BlastEcs.csproj" />
</Solution>
